
Microsoft Visual Studio Solution File, Format Version 12.00
# Visual Studio Version 17
VisualStudioVersion = 17.9.34622.214
MinimumVisualStudioVersion = 10.0.40219.1
Project("{FAE04EC0-301F-11D3-BF4B-00C04F79EFBC}") = "OgrenciBilgiSistemi", "OgrenciBilgiSistemi\OgrenciBilgiSistemi.csproj", "{1D1FBDF7-9C3A-43BF-A38F-444579685572}"
EndProject
Global
	GlobalSection(SolutionConfigurationPlatforms) = preSolution
		Debug|Any CPU = Debug|Any CPU
		Release|Any CPU = Release|Any CPU
	EndGlobalSection
	GlobalSection(ProjectConfigurationPlatforms) = postSolution
		{1D1FBDF7-9C3A-43BF-A38F-444579685572}.Debug|Any CPU.ActiveCfg = Debug|Any CPU
		{1D1FBDF7-9C3A-43BF-A38F-444579685572}.Debug|Any CPU.Build.0 = Debug|Any CPU
		{1D1FBDF7-9C3A-43BF-A38F-444579685572}.Release|Any CPU.ActiveCfg = Release|Any CPU
		{1D1FBDF7-9C3A-43BF-A38F-444579685572}.Release|Any CPU.Build.0 = Release|Any CPU
	EndGlobalSection
	GlobalSection(SolutionProperties) = preSolution
		HideSolutionNode = FALSE
	EndGlobalSection
	GlobalSection(ExtensibilityGlobals) = postSolution
		SolutionGuid = {D6A79FBE-4B8C-42A7-A418-9DB6D8B12FBE}
	EndGlobalSection
EndGlobal
